
Microsoft Visual Studio Solution File, Format Version 12.00
# Visual Studio Version 17
VisualStudioVersion = 17.11.35303.130
MinimumVisualStudioVersion = 10.0.40219.1
Project("{8BC9CEB8-8B4A-11D0-8D11-00A0C91BC942}") = "lab_7.1_rec", "lab_7.1_rec\lab_7.1_rec.vcxproj", "{7B2C4936-2835-4AB5-9424-2A9E738C3774}"
EndProject
Project("{8BC9CEB8-8B4A-11D0-8D11-00A0C91BC942}") = "UnitTest1", "UnitTest1\UnitTest1.vcxproj", "{88C05860-C78A-4E6E-A70E-48CAF734E6B0}"
EndProject
Global
	GlobalSection(SolutionConfigurationPlatforms) = preSolution
		Debug|x64 = Debug|x64
		Debug|x86 = Debug|x86
		Release|x64 = Release|x64
		Release|x86 = Release|x86
	EndGlobalSection
	GlobalSection(ProjectConfigurationPlatforms) = postSolution
		{7B2C4936-2835-4AB5-9424-2A9E738C3774}.Debug|x64.ActiveCfg = Debug|x64
		{7B2C4936-2835-4AB5-9424-2A9E738C3774}.Debug|x64.Build.0 = Debug|x64
		{7B2C4936-2835-4AB5-9424-2A9E738C3774}.Debug|x86.ActiveCfg = Debug|Win32
		{7B2C4936-2835-4AB5-9424-2A9E738C3774}.Debug|x86.Build.0 = Debug|Win32
		{7B2C4936-2835-4AB5-9424-2A9E738C3774}.Release|x64.ActiveCfg = Release|x64
		{7B2C4936-2835-4AB5-9424-2A9E738C3774}.Release|x64.Build.0 = Release|x64
		{7B2C4936-2835-4AB5-9424-2A9E738C3774}.Release|x86.ActiveCfg = Release|Win32
		{7B2C4936-2835-4AB5-9424-2A9E738C3774}.Release|x86.Build.0 = Release|Win32
		{88C05860-C78A-4E6E-A70E-48CAF734E6B0}.Debug|x64.ActiveCfg = Debug|x64
		{88C05860-C78A-4E6E-A70E-48CAF734E6B0}.Debug|x64.Build.0 = Debug|x64
		{88C05860-C78A-4E6E-A70E-48CAF734E6B0}.Debug|x86.ActiveCfg = Debug|Win32
		{88C05860-C78A-4E6E-A70E-48CAF734E6B0}.Debug|x86.Build.0 = Debug|Win32
		{88C05860-C78A-4E6E-A70E-48CAF734E6B0}.Release|x64.ActiveCfg = Release|x64
		{88C05860-C78A-4E6E-A70E-48CAF734E6B0}.Release|x64.Build.0 = Release|x64
		{88C05860-C78A-4E6E-A70E-48CAF734E6B0}.Release|x86.ActiveCfg = Release|Win32
		{88C05860-C78A-4E6E-A70E-48CAF734E6B0}.Release|x86.Build.0 = Release|Win32
	EndGlobalSection
	GlobalSection(SolutionProperties) = preSolution
		HideSolutionNode = FALSE
	EndGlobalSection
	GlobalSection(ExtensibilityGlobals) = postSolution
		SolutionGuid = {459167C6-1A5C-472F-A00A-01689E6A9A1C}
	EndGlobalSection
EndGlobal
